
Microsoft Visual Studio Solution File, Format Version 12.00
# Visual Studio Version 17
VisualStudioVersion = 17.8.34601.278
MinimumVisualStudioVersion = 10.0.40219.1
Project("{8BC9CEB8-8B4A-11D0-8D11-00A0C91BC942}") = "GameOfLife", "GameOfLife\GameOfLife.vcxproj", "{D24DFE78-67EB-41F4-BA99-716E521DE92B}"
EndProject
Global
	GlobalSection(SolutionConfigurationPlatforms) = preSolution
		Debug|x64 = Debug|x64
		Debug|x86 = Debug|x86
		Release|x64 = Release|x64
		Release|x86 = Release|x86
	EndGlobalSection
	GlobalSection(ProjectConfigurationPlatforms) = postSolution
		{D24DFE78-67EB-41F4-BA99-716E521DE92B}.Debug|x64.ActiveCfg = Debug|x64
		{D24DFE78-67EB-41F4-BA99-716E521DE92B}.Debug|x64.Build.0 = Debug|x64
		{D24DFE78-67EB-41F4-BA99-716E521DE92B}.Debug|x86.ActiveCfg = Debug|Win32
		{D24DFE78-67EB-41F4-BA99-716E521DE92B}.Debug|x86.Build.0 = Debug|Win32
		{D24DFE78-67EB-41F4-BA99-716E521DE92B}.Release|x64.ActiveCfg = Release|x64
		{D24DFE78-67EB-41F4-BA99-716E521DE92B}.Release|x64.Build.0 = Release|x64
		{D24DFE78-67EB-41F4-BA99-716E521DE92B}.Release|x86.ActiveCfg = Release|Win32
		{D24DFE78-67EB-41F4-BA99-716E521DE92B}.Release|x86.Build.0 = Release|Win32
	EndGlobalSection
	GlobalSection(SolutionProperties) = preSolution
		HideSolutionNode = FALSE
	EndGlobalSection
	GlobalSection(ExtensibilityGlobals) = postSolution
		SolutionGuid = {07BDCD19-AAAC-451C-9503-F66F5AF7B085}
	EndGlobalSection
EndGlobal
